
Microsoft Visual Studio Solution File, Format Version 12.00
# Visual Studio Version 17
VisualStudioVersion = 17.4.33110.190
MinimumVisualStudioVersion = 10.0.40219.1
Project("{FAE04EC0-301F-11D3-BF4B-00C04F79EFBC}") = "exercicioLogica2", "exercicioLogica2\exercicioLogica2.csproj", "{D45DA287-3D75-44C6-A568-A17A14E16C0C}"
EndProject
Global
	GlobalSection(SolutionConfigurationPlatforms) = preSolution
		Debug|Any CPU = Debug|Any CPU
		Release|Any CPU = Release|Any CPU
	EndGlobalSection
	GlobalSection(ProjectConfigurationPlatforms) = postSolution
		{D45DA287-3D75-44C6-A568-A17A14E16C0C}.Debug|Any CPU.ActiveCfg = Debug|Any CPU
		{D45DA287-3D75-44C6-A568-A17A14E16C0C}.Debug|Any CPU.Build.0 = Debug|Any CPU
		{D45DA287-3D75-44C6-A568-A17A14E16C0C}.Release|Any CPU.ActiveCfg = Release|Any CPU
		{D45DA287-3D75-44C6-A568-A17A14E16C0C}.Release|Any CPU.Build.0 = Release|Any CPU
	EndGlobalSection
	GlobalSection(SolutionProperties) = preSolution
		HideSolutionNode = FALSE
	EndGlobalSection
	GlobalSection(ExtensibilityGlobals) = postSolution
		SolutionGuid = {C5CB0612-DADE-4D84-8F71-0AB76DB67D79}
	EndGlobalSection
EndGlobal
